
Microsoft Visual Studio Solution File, Format Version 12.00
# Visual Studio Version 17
VisualStudioVersion = 17.9.34607.119
MinimumVisualStudioVersion = 10.0.40219.1
Project("{FAE04EC0-301F-11D3-BF4B-00C04F79EFBC}") = "E_Commerce", "E_Commerce.csproj", "{8DB9DA37-B399-4586-8B26-EF04024824AA}"
EndProject
Global
	GlobalSection(SolutionConfigurationPlatforms) = preSolution
		Debug|Any CPU = Debug|Any CPU
		Release|Any CPU = Release|Any CPU
	EndGlobalSection
	GlobalSection(ProjectConfigurationPlatforms) = postSolution
		{8DB9DA37-B399-4586-8B26-EF04024824AA}.Debug|Any CPU.ActiveCfg = Debug|Any CPU
		{8DB9DA37-B399-4586-8B26-EF04024824AA}.Debug|Any CPU.Build.0 = Debug|Any CPU
		{8DB9DA37-B399-4586-8B26-EF04024824AA}.Release|Any CPU.ActiveCfg = Release|Any CPU
		{8DB9DA37-B399-4586-8B26-EF04024824AA}.Release|Any CPU.Build.0 = Release|Any CPU
	EndGlobalSection
	GlobalSection(SolutionProperties) = preSolution
		HideSolutionNode = FALSE
	EndGlobalSection
	GlobalSection(ExtensibilityGlobals) = postSolution
		SolutionGuid = {65DD67CE-8BF6-4A05-87B3-0CC3DCD6C395}
	EndGlobalSection
EndGlobal
